
Microsoft Visual Studio Solution File, Format Version 12.00
# Visual Studio 15
Project("{FAE04EC0-301F-11D3-BF4B-00C04F79EFBC}") = "Assembly-CSharp", "Assembly-CSharp.csproj", "{801E3E07-CD57-C0ED-18C6-4C6ACD21B605}"
EndProject
Project("{FAE04EC0-301F-11D3-BF4B-00C04F79EFBC}") = "Assembly-CSharp-Editor", "Assembly-CSharp-Editor.csproj", "{EA92E8DD-10BF-C915-FBF5-56603980CFE9}"
EndProject
Global
	GlobalSection(SolutionConfigurationPlatforms) = preSolution
		Debug|Any CPU = Debug|Any CPU
		Release|Any CPU = Release|Any CPU
	EndGlobalSection
	GlobalSection(ProjectConfigurationPlatforms) = postSolution
		{801E3E07-CD57-C0ED-18C6-4C6ACD21B605}.Debug|Any CPU.ActiveCfg = Debug|Any CPU
		{801E3E07-CD57-C0ED-18C6-4C6ACD21B605}.Debug|Any CPU.Build.0 = Debug|Any CPU
		{801E3E07-CD57-C0ED-18C6-4C6ACD21B605}.Release|Any CPU.ActiveCfg = Release|Any CPU
		{801E3E07-CD57-C0ED-18C6-4C6ACD21B605}.Release|Any CPU.Build.0 = Release|Any CPU
		{EA92E8DD-10BF-C915-FBF5-56603980CFE9}.Debug|Any CPU.ActiveCfg = Debug|Any CPU
		{EA92E8DD-10BF-C915-FBF5-56603980CFE9}.Debug|Any CPU.Build.0 = Debug|Any CPU
		{EA92E8DD-10BF-C915-FBF5-56603980CFE9}.Release|Any CPU.ActiveCfg = Release|Any CPU
		{EA92E8DD-10BF-C915-FBF5-56603980CFE9}.Release|Any CPU.Build.0 = Release|Any CPU
	EndGlobalSection
	GlobalSection(SolutionProperties) = preSolution
		HideSolutionNode = FALSE
	EndGlobalSection
EndGlobal
